
Microsoft Visual Studio Solution File, Format Version 12.00
# Visual Studio Version 17
VisualStudioVersion = 17.4.33403.182
MinimumVisualStudioVersion = 10.0.40219.1
Project("{FAE04EC0-301F-11D3-BF4B-00C04F79EFBC}") = "NZWalks.API", "NZWalks.API.csproj", "{08C3CC55-FC87-4ADE-9DD2-2D8487E96677}"
EndProject
Global
	GlobalSection(SolutionConfigurationPlatforms) = preSolution
		Debug|Any CPU = Debug|Any CPU
		Release|Any CPU = Release|Any CPU
	EndGlobalSection
	GlobalSection(ProjectConfigurationPlatforms) = postSolution
		{08C3CC55-FC87-4ADE-9DD2-2D8487E96677}.Debug|Any CPU.ActiveCfg = Debug|Any CPU
		{08C3CC55-FC87-4ADE-9DD2-2D8487E96677}.Debug|Any CPU.Build.0 = Debug|Any CPU
		{08C3CC55-FC87-4ADE-9DD2-2D8487E96677}.Release|Any CPU.ActiveCfg = Release|Any CPU
		{08C3CC55-FC87-4ADE-9DD2-2D8487E96677}.Release|Any CPU.Build.0 = Release|Any CPU
	EndGlobalSection
	GlobalSection(SolutionProperties) = preSolution
		HideSolutionNode = FALSE
	EndGlobalSection
	GlobalSection(ExtensibilityGlobals) = postSolution
		SolutionGuid = {B888298E-B72E-4EA8-8A8A-4FEA509D1CC6}
	EndGlobalSection
EndGlobal
